
Microsoft Visual Studio Solution File, Format Version 12.00
# Visual Studio 15
VisualStudioVersion = 15.0.26124.0
MinimumVisualStudioVersion = 15.0.26124.0
Project("{F2A71F9B-5D33-465A-A702-920D77279786}") = "CalculatorService", "CalculatorService\CalculatorService.fsproj", "{16F025DD-9F2D-4A49-94B4-51B0CCE85360}"
EndProject
Project("{F2A71F9B-5D33-465A-A702-920D77279786}") = "CalculatorServiceTests", "CalculatorServiceTests\CalculatorServiceTests.fsproj", "{4F06DF54-2EA0-4292-9CBD-E6B3AA4BE210}"
EndProject
Global
	GlobalSection(SolutionConfigurationPlatforms) = preSolution
		Debug|Any CPU = Debug|Any CPU
		Debug|x64 = Debug|x64
		Debug|x86 = Debug|x86
		Release|Any CPU = Release|Any CPU
		Release|x64 = Release|x64
		Release|x86 = Release|x86
	EndGlobalSection
	GlobalSection(SolutionProperties) = preSolution
		HideSolutionNode = FALSE
	EndGlobalSection
	GlobalSection(ProjectConfigurationPlatforms) = postSolution
		{16F025DD-9F2D-4A49-94B4-51B0CCE85360}.Debug|Any CPU.ActiveCfg = Debug|Any CPU
		{16F025DD-9F2D-4A49-94B4-51B0CCE85360}.Debug|Any CPU.Build.0 = Debug|Any CPU
		{16F025DD-9F2D-4A49-94B4-51B0CCE85360}.Debug|x64.ActiveCfg = Debug|Any CPU
		{16F025DD-9F2D-4A49-94B4-51B0CCE85360}.Debug|x64.Build.0 = Debug|Any CPU
		{16F025DD-9F2D-4A49-94B4-51B0CCE85360}.Debug|x86.ActiveCfg = Debug|Any CPU
		{16F025DD-9F2D-4A49-94B4-51B0CCE85360}.Debug|x86.Build.0 = Debug|Any CPU
		{16F025DD-9F2D-4A49-94B4-51B0CCE85360}.Release|Any CPU.ActiveCfg = Release|Any CPU
		{16F025DD-9F2D-4A49-94B4-51B0CCE85360}.Release|Any CPU.Build.0 = Release|Any CPU
		{16F025DD-9F2D-4A49-94B4-51B0CCE85360}.Release|x64.ActiveCfg = Release|Any CPU
		{16F025DD-9F2D-4A49-94B4-51B0CCE85360}.Release|x64.Build.0 = Release|Any CPU
		{16F025DD-9F2D-4A49-94B4-51B0CCE85360}.Release|x86.ActiveCfg = Release|Any CPU
		{16F025DD-9F2D-4A49-94B4-51B0CCE85360}.Release|x86.Build.0 = Release|Any CPU
		{4F06DF54-2EA0-4292-9CBD-E6B3AA4BE210}.Debug|Any CPU.ActiveCfg = Debug|Any CPU
		{4F06DF54-2EA0-4292-9CBD-E6B3AA4BE210}.Debug|Any CPU.Build.0 = Debug|Any CPU
		{4F06DF54-2EA0-4292-9CBD-E6B3AA4BE210}.Debug|x64.ActiveCfg = Debug|Any CPU
		{4F06DF54-2EA0-4292-9CBD-E6B3AA4BE210}.Debug|x64.Build.0 = Debug|Any CPU
		{4F06DF54-2EA0-4292-9CBD-E6B3AA4BE210}.Debug|x86.ActiveCfg = Debug|Any CPU
		{4F06DF54-2EA0-4292-9CBD-E6B3AA4BE210}.Debug|x86.Build.0 = Debug|Any CPU
		{4F06DF54-2EA0-4292-9CBD-E6B3AA4BE210}.Release|Any CPU.ActiveCfg = Release|Any CPU
		{4F06DF54-2EA0-4292-9CBD-E6B3AA4BE210}.Release|Any CPU.Build.0 = Release|Any CPU
		{4F06DF54-2EA0-4292-9CBD-E6B3AA4BE210}.Release|x64.ActiveCfg = Release|Any CPU
		{4F06DF54-2EA0-4292-9CBD-E6B3AA4BE210}.Release|x64.Build.0 = Release|Any CPU
		{4F06DF54-2EA0-4292-9CBD-E6B3AA4BE210}.Release|x86.ActiveCfg = Release|Any CPU
		{4F06DF54-2EA0-4292-9CBD-E6B3AA4BE210}.Release|x86.Build.0 = Release|Any CPU
	EndGlobalSection
EndGlobal
